<?xml version="1.0" encoding="utf-8"?>
<Project ToolsVersion="4.0" xmlns="http://schemas.microsoft.com/developer/msbuild/2003">
  <ItemGroup>
    <Filter Include="소스 파일">
      <UniqueIdentifier>{4FC737F1-C7A5-4376-A066-2A32D752A2FF}</UniqueIdentifier>
      <Extensions>cpp;c;cc;cxx;c++;cppm;ixx;def;odl;idl;hpj;bat;asm;asmx</Extensions>
    </Filter>
    <Filter Include="헤더 파일">
      <UniqueIdentifier>{93995380-89BD-4b04-88EB-625FBE52EBFB}</UniqueIdentifier>
      <Extensions>h;hh;hpp;hxx;h++;hm;inl;inc;ipp;xsd</Extensions>
    </Filter>
    <Filter Include="리소스 파일">
      <UniqueIdentifier>{67DA6AB6-F800-4c08-8B7A-83BB121AAD01}</UniqueIdentifier>
      <Extensions>rc;ico;cur;bmp;dlg;rc2;rct;bin;rgs;gif;jpg;jpeg;jpe;resx;tiff;tif;png;wav;mfcribbon-ms</Extensions>
    </Filter>
    <Filter Include="MainGame">
      <UniqueIdentifier>{cb6807f4-0fdf-47de-b7e8-4546acbe35ae}</UniqueIdentifier>
    </Filter>
    <Filter Include="2D Framework">
      <UniqueIdentifier>{18f2c5ba-c6f2-4ac2-a4b6-7d870f746713}</UniqueIdentifier>
    </Filter>
    <Filter Include="MainGame\KOF_Character">
      <UniqueIdentifier>{1ad804d6-38d1-4cbd-a326-7d9dbb62c05b}</UniqueIdentifier>
    </Filter>
    <Filter Include="MainGame\Enemy">
      <UniqueIdentifier>{d75d23c9-b731-4ff4-b2a5-2a0067e5e5a3}</UniqueIdentifier>
    </Filter>
    <Filter Include="MainGame\UI">
      <UniqueIdentifier>{bc9b8b19-d848-4461-89b9-8dfd4f44a908}</UniqueIdentifier>
    </Filter>
    <Filter Include="MainGame\Collision">
      <UniqueIdentifier>{478b9c57-f21a-48e6-950c-bef6befc1812}</UniqueIdentifier>
    </Filter>
    <Filter Include="MainGame\Missile">
      <UniqueIdentifier>{abefbe94-07a1-43c6-b373-f0dada6cf17c}</UniqueIdentifier>
    </Filter>
    <Filter Include="MainGame\Player">
      <UniqueIdentifier>{59b8f8fb-6371-43a9-9708-0eab3b26cbf4}</UniqueIdentifier>
    </Filter>
    <Filter Include="2D Framework\Timer">
      <UniqueIdentifier>{002aa37b-df6c-4fa7-b7d3-86f9cb66b7b6}</UniqueIdentifier>
    </Filter>
  </ItemGroup>
  <ItemGroup>
    <ClCompile Include="main.cpp">
      <Filter>소스 파일</Filter>
    </ClCompile>
    <ClCompile Include="GameObject.cpp">
      <Filter>2D Framework</Filter>
    </ClCompile>
    <ClCompile Include="MainGame.cpp">
      <Filter>MainGame</Filter>
    </ClCompile>
    <ClCompile Include="Tank.cpp">
      <Filter>MainGame</Filter>
    </ClCompile>
    <ClCompile Include="Image.cpp">
      <Filter>2D Framework</Filter>
    </ClCompile>
    <ClCompile Include="KOF_Iori.cpp">
      <Filter>MainGame\KOF_Character</Filter>
    </ClCompile>
    <ClCompile Include="KeyManager.cpp">
      <Filter>2D Framework</Filter>
    </ClCompile>
    <ClCompile Include="EnemyManager.cpp">
      <Filter>MainGame\Enemy</Filter>
    </ClCompile>
    <ClCompile Include="Enemy.cpp">
      <Filter>MainGame\Enemy</Filter>
    </ClCompile>
    <ClCompile Include="UiManager.cpp">
      <Filter>MainGame\UI</Filter>
    </ClCompile>
    <ClCompile Include="BackGround.cpp">
      <Filter>MainGame\UI</Filter>
    </ClCompile>
    <ClCompile Include="Collider.cpp">
      <Filter>MainGame\Collision</Filter>
    </ClCompile>
    <ClCompile Include="CollisionManager.cpp">
      <Filter>MainGame\Collision</Filter>
    </ClCompile>
    <ClCompile Include="Missile.cpp">
      <Filter>MainGame\Missile</Filter>
    </ClCompile>
    <ClCompile Include="MissileManager.cpp">
      <Filter>MainGame\Missile</Filter>
    </ClCompile>
    <ClCompile Include="Player.cpp">
      <Filter>MainGame\Player</Filter>
    </ClCompile>
    <ClCompile Include="ImageManager.cpp">
      <Filter>2D Framework</Filter>
    </ClCompile>
    <ClCompile Include="Timer.cpp">
      <Filter>2D Framework\Timer</Filter>
    </ClCompile>
    <ClCompile Include="TimerManager.cpp">
      <Filter>2D Framework\Timer</Filter>
    </ClCompile>
  </ItemGroup>
  <ItemGroup>
    <ClInclude Include="config.h">
      <Filter>헤더 파일</Filter>
    </ClInclude>
    <ClInclude Include="CommonFunction.h">
      <Filter>헤더 파일</Filter>
    </ClInclude>
    <ClInclude Include="GameObject.h">
      <Filter>2D Framework</Filter>
    </ClInclude>
    <ClInclude Include="MainGame.h">
      <Filter>MainGame</Filter>
    </ClInclude>
    <ClInclude Include="Tank.h">
      <Filter>MainGame</Filter>
    </ClInclude>
    <ClInclude Include="Image.h">
      <Filter>2D Framework</Filter>
    </ClInclude>
    <ClInclude Include="KOF_Iori.h">
      <Filter>MainGame\KOF_Character</Filter>
    </ClInclude>
    <ClInclude Include="KeyManager.h">
      <Filter>2D Framework</Filter>
    </ClInclude>
    <ClInclude Include="Singleton.h">
      <Filter>2D Framework</Filter>
    </ClInclude>
    <ClInclude Include="EnemyManager.h">
      <Filter>MainGame\Enemy</Filter>
    </ClInclude>
    <ClInclude Include="Enemy.h">
      <Filter>MainGame\Enemy</Filter>
    </ClInclude>
    <ClInclude Include="UiManager.h">
      <Filter>MainGame\UI</Filter>
    </ClInclude>
    <ClInclude Include="BackGround.h">
      <Filter>MainGame\UI</Filter>
    </ClInclude>
    <ClInclude Include="CollisionManager.h">
      <Filter>MainGame\Collision</Filter>
    </ClInclude>
    <ClInclude Include="Collider.h">
      <Filter>MainGame\Collision</Filter>
    </ClInclude>
    <ClInclude Include="Missile.h">
      <Filter>MainGame\Missile</Filter>
    </ClInclude>
    <ClInclude Include="MissileManager.h">
      <Filter>MainGame\Missile</Filter>
    </ClInclude>
    <ClInclude Include="Player.h">
      <Filter>MainGame\Player</Filter>
    </ClInclude>
    <ClInclude Include="ImageManager.h">
      <Filter>2D Framework</Filter>
    </ClInclude>
    <ClInclude Include="Timer.h">
      <Filter>2D Framework\Timer</Filter>
    </ClInclude>
    <ClInclude Include="TimerManager.h">
      <Filter>2D Framework\Timer</Filter>
    </ClInclude>
  </ItemGroup>
</Project>